{
  "name": "nodenext",
  "version": "1.0.0",
  "lockfileVersion": 2,
  "requires": true,
  "packages": {
    "": {
      "name": "nodenext",
      "dependencies": {
        "embla-carousel": "^8.0.0-rc03",
        "typescript": "^5.0.4"
      }
    },
    "node_modules/embla-carousel": {
      "version": "8.0.0-rc03",
      "resolved": "https://registry.npmjs.org/embla-carousel/-/embla-carousel-8.0.0-rc03.tgz",
      "integrity": "sha512-2goVwmTYZdGFcRejbYJlaC/iWDPv/VAsASE60uLQYLSKpuQRTxq/huu548OozLsH/2uSelVszvmzfinZnnk/iw=="
    },
    "node_modules/typescript": {
      "version": "5.0.4",
      "resolved": "https://registry.npmjs.org/typescript/-/typescript-5.0.4.tgz",
      "integrity": "sha512-cW9T5W9xY37cc+jfEnaUvX91foxtHkza3Nw3wkoF4sSlKn0MONdkdEndig/qPBWXNkmplh3NzayQzCiHM4/hqw==",
      "bin": {
        "tsc": "bin/tsc",
        "tsserver": "bin/tsserver"
      },
      "engines": {
        "node": ">=12.20"
      }
    }
  },
  "dependencies": {
    "embla-carousel": {
      "version": "8.0.0-rc03",
      "resolved": "https://registry.npmjs.org/embla-carousel/-/embla-carousel-8.0.0-rc03.tgz",
      "integrity": "sha512-2goVwmTYZdGFcRejbYJlaC/iWDPv/VAsASE60uLQYLSKpuQRTxq/huu548OozLsH/2uSelVszvmzfinZnnk/iw=="
    },
    "typescript": {
      "version": "5.0.4",
      "resolved": "https://registry.npmjs.org/typescript/-/typescript-5.0.4.tgz",
      "integrity": "sha512-cW9T5W9xY37cc+jfEnaUvX91foxtHkza3Nw3wkoF4sSlKn0MONdkdEndig/qPBWXNkmplh3NzayQzCiHM4/hqw=="
    }
  }
}
